
Microsoft Visual Studio Solution File, Format Version 12.00
# Visual Studio Version 17
VisualStudioVersion = 17.0.31903.59
MinimumVisualStudioVersion = 10.0.40219.1
Project("{2150E333-8FDC-42A3-9474-1A3956D46DE8}") = "01 - OOP", "01 - OOP", "{EAF8F1A6-674C-4825-8CEA-57A16DE827FC}"
EndProject
Project("{2150E333-8FDC-42A3-9474-1A3956D46DE8}") = "02 - Modificadores", "02 - Modificadores", "{F7C85399-90B2-4B4C-8D49-DF84E0393AF0}"
EndProject
Project("{2150E333-8FDC-42A3-9474-1A3956D46DE8}") = "03 - SOLID", "03 - SOLID", "{5F1B6058-8EB1-40F0-93EE-30F4FCC5ACDC}"
EndProject
Project("{2150E333-8FDC-42A3-9474-1A3956D46DE8}") = "05 - Design Patterns", "05 - Design Patterns", "{94BD6386-1545-4759-8631-C590056AD8FA}"
EndProject
Project("{FAE04EC0-301F-11D3-BF4B-00C04F79EFBC}") = "OOP", "01 - OOP\OOP\OOP.csproj", "{70F2BC52-84B4-4FC4-B94A-CBEF6C63C888}"
EndProject
Project("{FAE04EC0-301F-11D3-BF4B-00C04F79EFBC}") = "ProjetoA", "02 - Modificadores\ProjetoA\ProjetoA.csproj", "{3E8CB826-0585-409A-AC9C-6A895839BE6B}"
EndProject
Project("{FAE04EC0-301F-11D3-BF4B-00C04F79EFBC}") = "ProjetoB", "02 - Modificadores\ProjetoB\ProjetoB.csproj", "{1F7B8E68-2B2F-4EB8-BA16-C5ACAED78898}"
EndProject
Project("{FAE04EC0-301F-11D3-BF4B-00C04F79EFBC}") = "SOLID", "03 - SOLID\SOLID\SOLID.csproj", "{EC2F64CE-7023-4085-8137-EC76D53B7433}"
EndProject
Project("{FAE04EC0-301F-11D3-BF4B-00C04F79EFBC}") = "DesignPatterns", "05 - Design Patterns\DesignPatterns\DesignPatterns.csproj", "{4B2DF311-7E5A-40F3-8706-0143964D1D3B}"
EndProject
Project("{2150E333-8FDC-42A3-9474-1A3956D46DE8}") = "04 - DI", "04 - DI", "{BAE02A45-0F2C-427F-9707-11A10C92E529}"
EndProject
Project("{FAE04EC0-301F-11D3-BF4B-00C04F79EFBC}") = "DemoDI", "04 - DI\DemoDI\DemoDI.csproj", "{66068CA8-6E0D-4348-98E3-36899157D6A7}"
EndProject
Global
	GlobalSection(SolutionConfigurationPlatforms) = preSolution
		Debug|Any CPU = Debug|Any CPU
		Debug|x64 = Debug|x64
		Debug|x86 = Debug|x86
		Release|Any CPU = Release|Any CPU
		Release|x64 = Release|x64
		Release|x86 = Release|x86
	EndGlobalSection
	GlobalSection(ProjectConfigurationPlatforms) = postSolution
		{70F2BC52-84B4-4FC4-B94A-CBEF6C63C888}.Debug|Any CPU.ActiveCfg = Debug|Any CPU
		{70F2BC52-84B4-4FC4-B94A-CBEF6C63C888}.Debug|Any CPU.Build.0 = Debug|Any CPU
		{70F2BC52-84B4-4FC4-B94A-CBEF6C63C888}.Debug|x64.ActiveCfg = Debug|Any CPU
		{70F2BC52-84B4-4FC4-B94A-CBEF6C63C888}.Debug|x64.Build.0 = Debug|Any CPU
		{70F2BC52-84B4-4FC4-B94A-CBEF6C63C888}.Debug|x86.ActiveCfg = Debug|Any CPU
		{70F2BC52-84B4-4FC4-B94A-CBEF6C63C888}.Debug|x86.Build.0 = Debug|Any CPU
		{70F2BC52-84B4-4FC4-B94A-CBEF6C63C888}.Release|Any CPU.ActiveCfg = Release|Any CPU
		{70F2BC52-84B4-4FC4-B94A-CBEF6C63C888}.Release|Any CPU.Build.0 = Release|Any CPU
		{70F2BC52-84B4-4FC4-B94A-CBEF6C63C888}.Release|x64.ActiveCfg = Release|Any CPU
		{70F2BC52-84B4-4FC4-B94A-CBEF6C63C888}.Release|x64.Build.0 = Release|Any CPU
		{70F2BC52-84B4-4FC4-B94A-CBEF6C63C888}.Release|x86.ActiveCfg = Release|Any CPU
		{70F2BC52-84B4-4FC4-B94A-CBEF6C63C888}.Release|x86.Build.0 = Release|Any CPU
		{3E8CB826-0585-409A-AC9C-6A895839BE6B}.Debug|Any CPU.ActiveCfg = Debug|Any CPU
		{3E8CB826-0585-409A-AC9C-6A895839BE6B}.Debug|Any CPU.Build.0 = Debug|Any CPU
		{3E8CB826-0585-409A-AC9C-6A895839BE6B}.Debug|x64.ActiveCfg = Debug|Any CPU
		{3E8CB826-0585-409A-AC9C-6A895839BE6B}.Debug|x64.Build.0 = Debug|Any CPU
		{3E8CB826-0585-409A-AC9C-6A895839BE6B}.Debug|x86.ActiveCfg = Debug|Any CPU
		{3E8CB826-0585-409A-AC9C-6A895839BE6B}.Debug|x86.Build.0 = Debug|Any CPU
		{3E8CB826-0585-409A-AC9C-6A895839BE6B}.Release|Any CPU.ActiveCfg = Release|Any CPU
		{3E8CB826-0585-409A-AC9C-6A895839BE6B}.Release|Any CPU.Build.0 = Release|Any CPU
		{3E8CB826-0585-409A-AC9C-6A895839BE6B}.Release|x64.ActiveCfg = Release|Any CPU
		{3E8CB826-0585-409A-AC9C-6A895839BE6B}.Release|x64.Build.0 = Release|Any CPU
		{3E8CB826-0585-409A-AC9C-6A895839BE6B}.Release|x86.ActiveCfg = Release|Any CPU
		{3E8CB826-0585-409A-AC9C-6A895839BE6B}.Release|x86.Build.0 = Release|Any CPU
		{1F7B8E68-2B2F-4EB8-BA16-C5ACAED78898}.Debug|Any CPU.ActiveCfg = Debug|Any CPU
		{1F7B8E68-2B2F-4EB8-BA16-C5ACAED78898}.Debug|Any CPU.Build.0 = Debug|Any CPU
		{1F7B8E68-2B2F-4EB8-BA16-C5ACAED78898}.Debug|x64.ActiveCfg = Debug|Any CPU
		{1F7B8E68-2B2F-4EB8-BA16-C5ACAED78898}.Debug|x64.Build.0 = Debug|Any CPU
		{1F7B8E68-2B2F-4EB8-BA16-C5ACAED78898}.Debug|x86.ActiveCfg = Debug|Any CPU
		{1F7B8E68-2B2F-4EB8-BA16-C5ACAED78898}.Debug|x86.Build.0 = Debug|Any CPU
		{1F7B8E68-2B2F-4EB8-BA16-C5ACAED78898}.Release|Any CPU.ActiveCfg = Release|Any CPU
		{1F7B8E68-2B2F-4EB8-BA16-C5ACAED78898}.Release|Any CPU.Build.0 = Release|Any CPU
		{1F7B8E68-2B2F-4EB8-BA16-C5ACAED78898}.Release|x64.ActiveCfg = Release|Any CPU
		{1F7B8E68-2B2F-4EB8-BA16-C5ACAED78898}.Release|x64.Build.0 = Release|Any CPU
		{1F7B8E68-2B2F-4EB8-BA16-C5ACAED78898}.Release|x86.ActiveCfg = Release|Any CPU
		{1F7B8E68-2B2F-4EB8-BA16-C5ACAED78898}.Release|x86.Build.0 = Release|Any CPU
		{EC2F64CE-7023-4085-8137-EC76D53B7433}.Debug|Any CPU.ActiveCfg = Debug|Any CPU
		{EC2F64CE-7023-4085-8137-EC76D53B7433}.Debug|Any CPU.Build.0 = Debug|Any CPU
		{EC2F64CE-7023-4085-8137-EC76D53B7433}.Debug|x64.ActiveCfg = Debug|Any CPU
		{EC2F64CE-7023-4085-8137-EC76D53B7433}.Debug|x64.Build.0 = Debug|Any CPU
		{EC2F64CE-7023-4085-8137-EC76D53B7433}.Debug|x86.ActiveCfg = Debug|Any CPU
		{EC2F64CE-7023-4085-8137-EC76D53B7433}.Debug|x86.Build.0 = Debug|Any CPU
		{EC2F64CE-7023-4085-8137-EC76D53B7433}.Release|Any CPU.ActiveCfg = Release|Any CPU
		{EC2F64CE-7023-4085-8137-EC76D53B7433}.Release|Any CPU.Build.0 = Release|Any CPU
		{EC2F64CE-7023-4085-8137-EC76D53B7433}.Release|x64.ActiveCfg = Release|Any CPU
		{EC2F64CE-7023-4085-8137-EC76D53B7433}.Release|x64.Build.0 = Release|Any CPU
		{EC2F64CE-7023-4085-8137-EC76D53B7433}.Release|x86.ActiveCfg = Release|Any CPU
		{EC2F64CE-7023-4085-8137-EC76D53B7433}.Release|x86.Build.0 = Release|Any CPU
		{4B2DF311-7E5A-40F3-8706-0143964D1D3B}.Debug|Any CPU.ActiveCfg = Debug|Any CPU
		{4B2DF311-7E5A-40F3-8706-0143964D1D3B}.Debug|Any CPU.Build.0 = Debug|Any CPU
		{4B2DF311-7E5A-40F3-8706-0143964D1D3B}.Debug|x64.ActiveCfg = Debug|Any CPU
		{4B2DF311-7E5A-40F3-8706-0143964D1D3B}.Debug|x64.Build.0 = Debug|Any CPU
		{4B2DF311-7E5A-40F3-8706-0143964D1D3B}.Debug|x86.ActiveCfg = Debug|Any CPU
		{4B2DF311-7E5A-40F3-8706-0143964D1D3B}.Debug|x86.Build.0 = Debug|Any CPU
		{4B2DF311-7E5A-40F3-8706-0143964D1D3B}.Release|Any CPU.ActiveCfg = Release|Any CPU
		{4B2DF311-7E5A-40F3-8706-0143964D1D3B}.Release|Any CPU.Build.0 = Release|Any CPU
		{4B2DF311-7E5A-40F3-8706-0143964D1D3B}.Release|x64.ActiveCfg = Release|Any CPU
		{4B2DF311-7E5A-40F3-8706-0143964D1D3B}.Release|x64.Build.0 = Release|Any CPU
		{4B2DF311-7E5A-40F3-8706-0143964D1D3B}.Release|x86.ActiveCfg = Release|Any CPU
		{4B2DF311-7E5A-40F3-8706-0143964D1D3B}.Release|x86.Build.0 = Release|Any CPU
		{66068CA8-6E0D-4348-98E3-36899157D6A7}.Debug|Any CPU.ActiveCfg = Debug|Any CPU
		{66068CA8-6E0D-4348-98E3-36899157D6A7}.Debug|Any CPU.Build.0 = Debug|Any CPU
		{66068CA8-6E0D-4348-98E3-36899157D6A7}.Debug|x64.ActiveCfg = Debug|Any CPU
		{66068CA8-6E0D-4348-98E3-36899157D6A7}.Debug|x64.Build.0 = Debug|Any CPU
		{66068CA8-6E0D-4348-98E3-36899157D6A7}.Debug|x86.ActiveCfg = Debug|Any CPU
		{66068CA8-6E0D-4348-98E3-36899157D6A7}.Debug|x86.Build.0 = Debug|Any CPU
		{66068CA8-6E0D-4348-98E3-36899157D6A7}.Release|Any CPU.ActiveCfg = Release|Any CPU
		{66068CA8-6E0D-4348-98E3-36899157D6A7}.Release|Any CPU.Build.0 = Release|Any CPU
		{66068CA8-6E0D-4348-98E3-36899157D6A7}.Release|x64.ActiveCfg = Release|Any CPU
		{66068CA8-6E0D-4348-98E3-36899157D6A7}.Release|x64.Build.0 = Release|Any CPU
		{66068CA8-6E0D-4348-98E3-36899157D6A7}.Release|x86.ActiveCfg = Release|Any CPU
		{66068CA8-6E0D-4348-98E3-36899157D6A7}.Release|x86.Build.0 = Release|Any CPU
	EndGlobalSection
	GlobalSection(SolutionProperties) = preSolution
		HideSolutionNode = FALSE
	EndGlobalSection
	GlobalSection(NestedProjects) = preSolution
		{70F2BC52-84B4-4FC4-B94A-CBEF6C63C888} = {EAF8F1A6-674C-4825-8CEA-57A16DE827FC}
		{3E8CB826-0585-409A-AC9C-6A895839BE6B} = {F7C85399-90B2-4B4C-8D49-DF84E0393AF0}
		{1F7B8E68-2B2F-4EB8-BA16-C5ACAED78898} = {F7C85399-90B2-4B4C-8D49-DF84E0393AF0}
		{EC2F64CE-7023-4085-8137-EC76D53B7433} = {5F1B6058-8EB1-40F0-93EE-30F4FCC5ACDC}
		{4B2DF311-7E5A-40F3-8706-0143964D1D3B} = {94BD6386-1545-4759-8631-C590056AD8FA}
		{66068CA8-6E0D-4348-98E3-36899157D6A7} = {BAE02A45-0F2C-427F-9707-11A10C92E529}
	EndGlobalSection
EndGlobal
